
Microsoft Visual Studio Solution File, Format Version 12.00
# Visual Studio 15
VisualStudioVersion = 15.0.28307.489
MinimumVisualStudioVersion = 10.0.40219.1
Project("{FAE04EC0-301F-11D3-BF4B-00C04F79EFBC}") = "XFproductos.Android", "XFproductos\XFproductos.Android\XFproductos.Android.csproj", "{ACB4940E-9870-4282-A613-CCA6315CE289}"
EndProject
Project("{FAE04EC0-301F-11D3-BF4B-00C04F79EFBC}") = "XFproductos.iOS", "XFproductos\XFproductos.iOS\XFproductos.iOS.csproj", "{0D92CEFB-5B3B-4199-97BE-8413F283B9AB}"
EndProject
Project("{FAE04EC0-301F-11D3-BF4B-00C04F79EFBC}") = "XFproductos.UWP", "XFproductos\XFproductos.UWP\XFproductos.UWP.csproj", "{AE8D6264-08EB-477C-8C2B-9C6162C62220}"
EndProject
Project("{9A19103F-16F7-4668-BE54-9A1E7A4F7556}") = "XFproductos", "XFproductos\XFproductos\XFproductos.csproj", "{3A223568-61CD-4890-BF19-244C56BB9AED}"
EndProject
Global
	GlobalSection(SolutionConfigurationPlatforms) = preSolution
		Ad-Hoc|Any CPU = Ad-Hoc|Any CPU
		Ad-Hoc|ARM = Ad-Hoc|ARM
		Ad-Hoc|iPhone = Ad-Hoc|iPhone
		Ad-Hoc|iPhoneSimulator = Ad-Hoc|iPhoneSimulator
		Ad-Hoc|x64 = Ad-Hoc|x64
		Ad-Hoc|x86 = Ad-Hoc|x86
		AppStore|Any CPU = AppStore|Any CPU
		AppStore|ARM = AppStore|ARM
		AppStore|iPhone = AppStore|iPhone
		AppStore|iPhoneSimulator = AppStore|iPhoneSimulator
		AppStore|x64 = AppStore|x64
		AppStore|x86 = AppStore|x86
		Debug|Any CPU = Debug|Any CPU
		Debug|ARM = Debug|ARM
		Debug|iPhone = Debug|iPhone
		Debug|iPhoneSimulator = Debug|iPhoneSimulator
		Debug|x64 = Debug|x64
		Debug|x86 = Debug|x86
		Release|Any CPU = Release|Any CPU
		Release|ARM = Release|ARM
		Release|iPhone = Release|iPhone
		Release|iPhoneSimulator = Release|iPhoneSimulator
		Release|x64 = Release|x64
		Release|x86 = Release|x86
	EndGlobalSection
	GlobalSection(ProjectConfigurationPlatforms) = postSolution
		{ACB4940E-9870-4282-A613-CCA6315CE289}.Ad-Hoc|Any CPU.ActiveCfg = Release|Any CPU
		{ACB4940E-9870-4282-A613-CCA6315CE289}.Ad-Hoc|Any CPU.Build.0 = Release|Any CPU
		{ACB4940E-9870-4282-A613-CCA6315CE289}.Ad-Hoc|Any CPU.Deploy.0 = Release|Any CPU
		{ACB4940E-9870-4282-A613-CCA6315CE289}.Ad-Hoc|ARM.ActiveCfg = Release|Any CPU
		{ACB4940E-9870-4282-A613-CCA6315CE289}.Ad-Hoc|ARM.Build.0 = Release|Any CPU
		{ACB4940E-9870-4282-A613-CCA6315CE289}.Ad-Hoc|ARM.Deploy.0 = Release|Any CPU
		{ACB4940E-9870-4282-A613-CCA6315CE289}.Ad-Hoc|iPhone.ActiveCfg = Release|Any CPU
		{ACB4940E-9870-4282-A613-CCA6315CE289}.Ad-Hoc|iPhone.Build.0 = Release|Any CPU
		{ACB4940E-9870-4282-A613-CCA6315CE289}.Ad-Hoc|iPhone.Deploy.0 = Release|Any CPU
		{ACB4940E-9870-4282-A613-CCA6315CE289}.Ad-Hoc|iPhoneSimulator.ActiveCfg = Release|Any CPU
		{ACB4940E-9870-4282-A613-CCA6315CE289}.Ad-Hoc|iPhoneSimulator.Build.0 = Release|Any CPU
		{ACB4940E-9870-4282-A613-CCA6315CE289}.Ad-Hoc|iPhoneSimulator.Deploy.0 = Release|Any CPU
		{ACB4940E-9870-4282-A613-CCA6315CE289}.Ad-Hoc|x64.ActiveCfg = Release|Any CPU
		{ACB4940E-9870-4282-A613-CCA6315CE289}.Ad-Hoc|x64.Build.0 = Release|Any CPU
		{ACB4940E-9870-4282-A613-CCA6315CE289}.Ad-Hoc|x64.Deploy.0 = Release|Any CPU
		{ACB4940E-9870-4282-A613-CCA6315CE289}.Ad-Hoc|x86.ActiveCfg = Release|Any CPU
		{ACB4940E-9870-4282-A613-CCA6315CE289}.Ad-Hoc|x86.Build.0 = Release|Any CPU
		{ACB4940E-9870-4282-A613-CCA6315CE289}.Ad-Hoc|x86.Deploy.0 = Release|Any CPU
		{ACB4940E-9870-4282-A613-CCA6315CE289}.AppStore|Any CPU.ActiveCfg = Release|Any CPU
		{ACB4940E-9870-4282-A613-CCA6315CE289}.AppStore|Any CPU.Build.0 = Release|Any CPU
		{ACB4940E-9870-4282-A613-CCA6315CE289}.AppStore|Any CPU.Deploy.0 = Release|Any CPU
		{ACB4940E-9870-4282-A613-CCA6315CE289}.AppStore|ARM.ActiveCfg = Release|Any CPU
		{ACB4940E-9870-4282-A613-CCA6315CE289}.AppStore|ARM.Build.0 = Release|Any CPU
		{ACB4940E-9870-4282-A613-CCA6315CE289}.AppStore|ARM.Deploy.0 = Release|Any CPU
		{ACB4940E-9870-4282-A613-CCA6315CE289}.AppStore|iPhone.ActiveCfg = Release|Any CPU
		{ACB4940E-9870-4282-A613-CCA6315CE289}.AppStore|iPhone.Build.0 = Release|Any CPU
		{ACB4940E-9870-4282-A613-CCA6315CE289}.AppStore|iPhone.Deploy.0 = Release|Any CPU
		{ACB4940E-9870-4282-A613-CCA6315CE289}.AppStore|iPhoneSimulator.ActiveCfg = Release|Any CPU
		{ACB4940E-9870-4282-A613-CCA6315CE289}.AppStore|iPhoneSimulator.Build.0 = Release|Any CPU
		{ACB4940E-9870-4282-A613-CCA6315CE289}.AppStore|iPhoneSimulator.Deploy.0 = Release|Any CPU
		{ACB4940E-9870-4282-A613-CCA6315CE289}.AppStore|x64.ActiveCfg = Release|Any CPU
		{ACB4940E-9870-4282-A613-CCA6315CE289}.AppStore|x64.Build.0 = Release|Any CPU
		{ACB4940E-9870-4282-A613-CCA6315CE289}.AppStore|x64.Deploy.0 = Release|Any CPU
		{ACB4940E-9870-4282-A613-CCA6315CE289}.AppStore|x86.ActiveCfg = Release|Any CPU
		{ACB4940E-9870-4282-A613-CCA6315CE289}.AppStore|x86.Build.0 = Release|Any CPU
		{ACB4940E-9870-4282-A613-CCA6315CE289}.AppStore|x86.Deploy.0 = Release|Any CPU
		{ACB4940E-9870-4282-A613-CCA6315CE289}.Debug|Any CPU.ActiveCfg = Debug|Any CPU
		{ACB4940E-9870-4282-A613-CCA6315CE289}.Debug|Any CPU.Build.0 = Debug|Any CPU
		{ACB4940E-9870-4282-A613-CCA6315CE289}.Debug|Any CPU.Deploy.0 = Debug|Any CPU
		{ACB4940E-9870-4282-A613-CCA6315CE289}.Debug|ARM.ActiveCfg = Debug|Any CPU
		{ACB4940E-9870-4282-A613-CCA6315CE289}.Debug|ARM.Build.0 = Debug|Any CPU
		{ACB4940E-9870-4282-A613-CCA6315CE289}.Debug|ARM.Deploy.0 = Debug|Any CPU
		{ACB4940E-9870-4282-A613-CCA6315CE289}.Debug|iPhone.ActiveCfg = Debug|Any CPU
		{ACB4940E-9870-4282-A613-CCA6315CE289}.Debug|iPhone.Build.0 = Debug|Any CPU
		{ACB4940E-9870-4282-A613-CCA6315CE289}.Debug|iPhone.Deploy.0 = Debug|Any CPU
		{ACB4940E-9870-4282-A613-CCA6315CE289}.Debug|iPhoneSimulator.ActiveCfg = Debug|Any CPU
		{ACB4940E-9870-4282-A613-CCA6315CE289}.Debug|iPhoneSimulator.Build.0 = Debug|Any CPU
		{ACB4940E-9870-4282-A613-CCA6315CE289}.Debug|iPhoneSimulator.Deploy.0 = Debug|Any CPU
		{ACB4940E-9870-4282-A613-CCA6315CE289}.Debug|x64.ActiveCfg = Debug|Any CPU
		{ACB4940E-9870-4282-A613-CCA6315CE289}.Debug|x64.Build.0 = Debug|Any CPU
		{ACB4940E-9870-4282-A613-CCA6315CE289}.Debug|x64.Deploy.0 = Debug|Any CPU
		{ACB4940E-9870-4282-A613-CCA6315CE289}.Debug|x86.ActiveCfg = Debug|Any CPU
		{ACB4940E-9870-4282-A613-CCA6315CE289}.Debug|x86.Build.0 = Debug|Any CPU
		{ACB4940E-9870-4282-A613-CCA6315CE289}.Debug|x86.Deploy.0 = Debug|Any CPU
		{ACB4940E-9870-4282-A613-CCA6315CE289}.Release|Any CPU.ActiveCfg = Release|Any CPU
		{ACB4940E-9870-4282-A613-CCA6315CE289}.Release|Any CPU.Build.0 = Release|Any CPU
		{ACB4940E-9870-4282-A613-CCA6315CE289}.Release|Any CPU.Deploy.0 = Release|Any CPU
		{ACB4940E-9870-4282-A613-CCA6315CE289}.Release|ARM.ActiveCfg = Release|Any CPU
		{ACB4940E-9870-4282-A613-CCA6315CE289}.Release|ARM.Build.0 = Release|Any CPU
		{ACB4940E-9870-4282-A613-CCA6315CE289}.Release|ARM.Deploy.0 = Release|Any CPU
		{ACB4940E-9870-4282-A613-CCA6315CE289}.Release|iPhone.ActiveCfg = Release|Any CPU
		{ACB4940E-9870-4282-A613-CCA6315CE289}.Release|iPhone.Build.0 = Release|Any CPU
		{ACB4940E-9870-4282-A613-CCA6315CE289}.Release|iPhone.Deploy.0 = Release|Any CPU
		{ACB4940E-9870-4282-A613-CCA6315CE289}.Release|iPhoneSimulator.ActiveCfg = Release|Any CPU
		{ACB4940E-9870-4282-A613-CCA6315CE289}.Release|iPhoneSimulator.Build.0 = Release|Any CPU
		{ACB4940E-9870-4282-A613-CCA6315CE289}.Release|iPhoneSimulator.Deploy.0 = Release|Any CPU
		{ACB4940E-9870-4282-A613-CCA6315CE289}.Release|x64.ActiveCfg = Release|Any CPU
		{ACB4940E-9870-4282-A613-CCA6315CE289}.Release|x64.Build.0 = Release|Any CPU
		{ACB4940E-9870-4282-A613-CCA6315CE289}.Release|x64.Deploy.0 = Release|Any CPU
		{ACB4940E-9870-4282-A613-CCA6315CE289}.Release|x86.ActiveCfg = Release|Any CPU
		{ACB4940E-9870-4282-A613-CCA6315CE289}.Release|x86.Build.0 = Release|Any CPU
		{ACB4940E-9870-4282-A613-CCA6315CE289}.Release|x86.Deploy.0 = Release|Any CPU
		{0D92CEFB-5B3B-4199-97BE-8413F283B9AB}.Ad-Hoc|Any CPU.ActiveCfg = Ad-Hoc|iPhone
		{0D92CEFB-5B3B-4199-97BE-8413F283B9AB}.Ad-Hoc|Any CPU.Build.0 = Ad-Hoc|iPhone
		{0D92CEFB-5B3B-4199-97BE-8413F283B9AB}.Ad-Hoc|Any CPU.Deploy.0 = Ad-Hoc|iPhone
		{0D92CEFB-5B3B-4199-97BE-8413F283B9AB}.Ad-Hoc|ARM.ActiveCfg = Ad-Hoc|iPhone
		{0D92CEFB-5B3B-4199-97BE-8413F283B9AB}.Ad-Hoc|ARM.Build.0 = Ad-Hoc|iPhone
		{0D92CEFB-5B3B-4199-97BE-8413F283B9AB}.Ad-Hoc|ARM.Deploy.0 = Ad-Hoc|iPhone
		{0D92CEFB-5B3B-4199-97BE-8413F283B9AB}.Ad-Hoc|iPhone.ActiveCfg = Ad-Hoc|iPhone
		{0D92CEFB-5B3B-4199-97BE-8413F283B9AB}.Ad-Hoc|iPhone.Build.0 = Ad-Hoc|iPhone
		{0D92CEFB-5B3B-4199-97BE-8413F283B9AB}.Ad-Hoc|iPhone.Deploy.0 = Ad-Hoc|iPhone
		{0D92CEFB-5B3B-4199-97BE-8413F283B9AB}.Ad-Hoc|iPhoneSimulator.ActiveCfg = Ad-Hoc|iPhoneSimulator
		{0D92CEFB-5B3B-4199-97BE-8413F283B9AB}.Ad-Hoc|iPhoneSimulator.Build.0 = Ad-Hoc|iPhoneSimulator
		{0D92CEFB-5B3B-4199-97BE-8413F283B9AB}.Ad-Hoc|iPhoneSimulator.Deploy.0 = Ad-Hoc|iPhoneSimulator
		{0D92CEFB-5B3B-4199-97BE-8413F283B9AB}.Ad-Hoc|x64.ActiveCfg = Ad-Hoc|iPhone
		{0D92CEFB-5B3B-4199-97BE-8413F283B9AB}.Ad-Hoc|x64.Build.0 = Ad-Hoc|iPhone
		{0D92CEFB-5B3B-4199-97BE-8413F283B9AB}.Ad-Hoc|x64.Deploy.0 = Ad-Hoc|iPhone
		{0D92CEFB-5B3B-4199-97BE-8413F283B9AB}.Ad-Hoc|x86.ActiveCfg = Ad-Hoc|iPhone
		{0D92CEFB-5B3B-4199-97BE-8413F283B9AB}.Ad-Hoc|x86.Build.0 = Ad-Hoc|iPhone
		{0D92CEFB-5B3B-4199-97BE-8413F283B9AB}.Ad-Hoc|x86.Deploy.0 = Ad-Hoc|iPhone
		{0D92CEFB-5B3B-4199-97BE-8413F283B9AB}.AppStore|Any CPU.ActiveCfg = AppStore|iPhone
		{0D92CEFB-5B3B-4199-97BE-8413F283B9AB}.AppStore|Any CPU.Build.0 = AppStore|iPhone
		{0D92CEFB-5B3B-4199-97BE-8413F283B9AB}.AppStore|Any CPU.Deploy.0 = AppStore|iPhone
		{0D92CEFB-5B3B-4199-97BE-8413F283B9AB}.AppStore|ARM.ActiveCfg = AppStore|iPhone
		{0D92CEFB-5B3B-4199-97BE-8413F283B9AB}.AppStore|ARM.Build.0 = AppStore|iPhone
		{0D92CEFB-5B3B-4199-97BE-8413F283B9AB}.AppStore|ARM.Deploy.0 = AppStore|iPhone
		{0D92CEFB-5B3B-4199-97BE-8413F283B9AB}.AppStore|iPhone.ActiveCfg = AppStore|iPhone
		{0D92CEFB-5B3B-4199-97BE-8413F283B9AB}.AppStore|iPhone.Build.0 = AppStore|iPhone
		{0D92CEFB-5B3B-4199-97BE-8413F283B9AB}.AppStore|iPhone.Deploy.0 = AppStore|iPhone
		{0D92CEFB-5B3B-4199-97BE-8413F283B9AB}.AppStore|iPhoneSimulator.ActiveCfg = AppStore|iPhoneSimulator
		{0D92CEFB-5B3B-4199-97BE-8413F283B9AB}.AppStore|iPhoneSimulator.Build.0 = AppStore|iPhoneSimulator
		{0D92CEFB-5B3B-4199-97BE-8413F283B9AB}.AppStore|iPhoneSimulator.Deploy.0 = AppStore|iPhoneSimulator
		{0D92CEFB-5B3B-4199-97BE-8413F283B9AB}.AppStore|x64.ActiveCfg = AppStore|iPhone
		{0D92CEFB-5B3B-4199-97BE-8413F283B9AB}.AppStore|x64.Build.0 = AppStore|iPhone
		{0D92CEFB-5B3B-4199-97BE-8413F283B9AB}.AppStore|x64.Deploy.0 = AppStore|iPhone
		{0D92CEFB-5B3B-4199-97BE-8413F283B9AB}.AppStore|x86.ActiveCfg = AppStore|iPhone
		{0D92CEFB-5B3B-4199-97BE-8413F283B9AB}.AppStore|x86.Build.0 = AppStore|iPhone
		{0D92CEFB-5B3B-4199-97BE-8413F283B9AB}.AppStore|x86.Deploy.0 = AppStore|iPhone
		{0D92CEFB-5B3B-4199-97BE-8413F283B9AB}.Debug|Any CPU.ActiveCfg = Debug|iPhoneSimulator
		{0D92CEFB-5B3B-4199-97BE-8413F283B9AB}.Debug|Any CPU.Build.0 = Debug|iPhoneSimulator
		{0D92CEFB-5B3B-4199-97BE-8413F283B9AB}.Debug|Any CPU.Deploy.0 = Debug|iPhoneSimulator
		{0D92CEFB-5B3B-4199-97BE-8413F283B9AB}.Debug|ARM.ActiveCfg = Debug|iPhone
		{0D92CEFB-5B3B-4199-97BE-8413F283B9AB}.Debug|ARM.Build.0 = Debug|iPhone
		{0D92CEFB-5B3B-4199-97BE-8413F283B9AB}.Debug|ARM.Deploy.0 = Debug|iPhone
		{0D92CEFB-5B3B-4199-97BE-8413F283B9AB}.Debug|iPhone.ActiveCfg = Debug|iPhone
		{0D92CEFB-5B3B-4199-97BE-8413F283B9AB}.Debug|iPhone.Build.0 = Debug|iPhone
		{0D92CEFB-5B3B-4199-97BE-8413F283B9AB}.Debug|iPhone.Deploy.0 = Debug|iPhone
		{0D92CEFB-5B3B-4199-97BE-8413F283B9AB}.Debug|iPhoneSimulator.ActiveCfg = Debug|iPhoneSimulator
		{0D92CEFB-5B3B-4199-97BE-8413F283B9AB}.Debug|iPhoneSimulator.Build.0 = Debug|iPhoneSimulator
		{0D92CEFB-5B3B-4199-97BE-8413F283B9AB}.Debug|iPhoneSimulator.Deploy.0 = Debug|iPhoneSimulator
		{0D92CEFB-5B3B-4199-97BE-8413F283B9AB}.Debug|x64.ActiveCfg = Debug|iPhone
		{0D92CEFB-5B3B-4199-97BE-8413F283B9AB}.Debug|x64.Build.0 = Debug|iPhone
		{0D92CEFB-5B3B-4199-97BE-8413F283B9AB}.Debug|x64.Deploy.0 = Debug|iPhone
		{0D92CEFB-5B3B-4199-97BE-8413F283B9AB}.Debug|x86.ActiveCfg = Debug|iPhone
		{0D92CEFB-5B3B-4199-97BE-8413F283B9AB}.Debug|x86.Build.0 = Debug|iPhone
		{0D92CEFB-5B3B-4199-97BE-8413F283B9AB}.Debug|x86.Deploy.0 = Debug|iPhone
		{0D92CEFB-5B3B-4199-97BE-8413F283B9AB}.Release|Any CPU.ActiveCfg = Release|iPhone
		{0D92CEFB-5B3B-4199-97BE-8413F283B9AB}.Release|Any CPU.Build.0 = Release|iPhone
		{0D92CEFB-5B3B-4199-97BE-8413F283B9AB}.Release|Any CPU.Deploy.0 = Release|iPhone
		{0D92CEFB-5B3B-4199-97BE-8413F283B9AB}.Release|ARM.ActiveCfg = Release|iPhone
		{0D92CEFB-5B3B-4199-97BE-8413F283B9AB}.Release|ARM.Build.0 = Release|iPhone
		{0D92CEFB-5B3B-4199-97BE-8413F283B9AB}.Release|ARM.Deploy.0 = Release|iPhone
		{0D92CEFB-5B3B-4199-97BE-8413F283B9AB}.Release|iPhone.ActiveCfg = Release|iPhone
		{0D92CEFB-5B3B-4199-97BE-8413F283B9AB}.Release|iPhone.Build.0 = Release|iPhone
		{0D92CEFB-5B3B-4199-97BE-8413F283B9AB}.Release|iPhone.Deploy.0 = Release|iPhone
		{0D92CEFB-5B3B-4199-97BE-8413F283B9AB}.Release|iPhoneSimulator.ActiveCfg = Release|iPhoneSimulator
		{0D92CEFB-5B3B-4199-97BE-8413F283B9AB}.Release|iPhoneSimulator.Build.0 = Release|iPhoneSimulator
		{0D92CEFB-5B3B-4199-97BE-8413F283B9AB}.Release|iPhoneSimulator.Deploy.0 = Release|iPhoneSimulator
		{0D92CEFB-5B3B-4199-97BE-8413F283B9AB}.Release|x64.ActiveCfg = Release|iPhone
		{0D92CEFB-5B3B-4199-97BE-8413F283B9AB}.Release|x64.Build.0 = Release|iPhone
		{0D92CEFB-5B3B-4199-97BE-8413F283B9AB}.Release|x64.Deploy.0 = Release|iPhone
		{0D92CEFB-5B3B-4199-97BE-8413F283B9AB}.Release|x86.ActiveCfg = Release|iPhone
		{0D92CEFB-5B3B-4199-97BE-8413F283B9AB}.Release|x86.Build.0 = Release|iPhone
		{0D92CEFB-5B3B-4199-97BE-8413F283B9AB}.Release|x86.Deploy.0 = Release|iPhone
		{AE8D6264-08EB-477C-8C2B-9C6162C62220}.Ad-Hoc|Any CPU.ActiveCfg = Release|x86
		{AE8D6264-08EB-477C-8C2B-9C6162C62220}.Ad-Hoc|Any CPU.Build.0 = Release|x86
		{AE8D6264-08EB-477C-8C2B-9C6162C62220}.Ad-Hoc|Any CPU.Deploy.0 = Release|x86
		{AE8D6264-08EB-477C-8C2B-9C6162C62220}.Ad-Hoc|ARM.ActiveCfg = Release|ARM
		{AE8D6264-08EB-477C-8C2B-9C6162C62220}.Ad-Hoc|ARM.Build.0 = Release|ARM
		{AE8D6264-08EB-477C-8C2B-9C6162C62220}.Ad-Hoc|ARM.Deploy.0 = Release|ARM
		{AE8D6264-08EB-477C-8C2B-9C6162C62220}.Ad-Hoc|iPhone.ActiveCfg = Release|x86
		{AE8D6264-08EB-477C-8C2B-9C6162C62220}.Ad-Hoc|iPhone.Build.0 = Release|x86
		{AE8D6264-08EB-477C-8C2B-9C6162C62220}.Ad-Hoc|iPhone.Deploy.0 = Release|x86
		{AE8D6264-08EB-477C-8C2B-9C6162C62220}.Ad-Hoc|iPhoneSimulator.ActiveCfg = Release|x86
		{AE8D6264-08EB-477C-8C2B-9C6162C62220}.Ad-Hoc|iPhoneSimulator.Build.0 = Release|x86
		{AE8D6264-08EB-477C-8C2B-9C6162C62220}.Ad-Hoc|iPhoneSimulator.Deploy.0 = Release|x86
		{AE8D6264-08EB-477C-8C2B-9C6162C62220}.Ad-Hoc|x64.ActiveCfg = Release|x64
		{AE8D6264-08EB-477C-8C2B-9C6162C62220}.Ad-Hoc|x64.Build.0 = Release|x64
		{AE8D6264-08EB-477C-8C2B-9C6162C62220}.Ad-Hoc|x64.Deploy.0 = Release|x64
		{AE8D6264-08EB-477C-8C2B-9C6162C62220}.Ad-Hoc|x86.ActiveCfg = Release|x86
		{AE8D6264-08EB-477C-8C2B-9C6162C62220}.Ad-Hoc|x86.Build.0 = Release|x86
		{AE8D6264-08EB-477C-8C2B-9C6162C62220}.Ad-Hoc|x86.Deploy.0 = Release|x86
		{AE8D6264-08EB-477C-8C2B-9C6162C62220}.AppStore|Any CPU.ActiveCfg = Release|x86
		{AE8D6264-08EB-477C-8C2B-9C6162C62220}.AppStore|Any CPU.Build.0 = Release|x86
		{AE8D6264-08EB-477C-8C2B-9C6162C62220}.AppStore|Any CPU.Deploy.0 = Release|x86
		{AE8D6264-08EB-477C-8C2B-9C6162C62220}.AppStore|ARM.ActiveCfg = Release|ARM
		{AE8D6264-08EB-477C-8C2B-9C6162C62220}.AppStore|ARM.Build.0 = Release|ARM
		{AE8D6264-08EB-477C-8C2B-9C6162C62220}.AppStore|ARM.Deploy.0 = Release|ARM
		{AE8D6264-08EB-477C-8C2B-9C6162C62220}.AppStore|iPhone.ActiveCfg = Release|x86
		{AE8D6264-08EB-477C-8C2B-9C6162C62220}.AppStore|iPhone.Build.0 = Release|x86
		{AE8D6264-08EB-477C-8C2B-9C6162C62220}.AppStore|iPhone.Deploy.0 = Release|x86
		{AE8D6264-08EB-477C-8C2B-9C6162C62220}.AppStore|iPhoneSimulator.ActiveCfg = Release|x86
		{AE8D6264-08EB-477C-8C2B-9C6162C62220}.AppStore|iPhoneSimulator.Build.0 = Release|x86
		{AE8D6264-08EB-477C-8C2B-9C6162C62220}.AppStore|iPhoneSimulator.Deploy.0 = Release|x86
		{AE8D6264-08EB-477C-8C2B-9C6162C62220}.AppStore|x64.ActiveCfg = Release|x64
		{AE8D6264-08EB-477C-8C2B-9C6162C62220}.AppStore|x64.Build.0 = Release|x64
		{AE8D6264-08EB-477C-8C2B-9C6162C62220}.AppStore|x64.Deploy.0 = Release|x64
		{AE8D6264-08EB-477C-8C2B-9C6162C62220}.AppStore|x86.ActiveCfg = Release|x86
		{AE8D6264-08EB-477C-8C2B-9C6162C62220}.AppStore|x86.Build.0 = Release|x86
		{AE8D6264-08EB-477C-8C2B-9C6162C62220}.AppStore|x86.Deploy.0 = Release|x86
		{AE8D6264-08EB-477C-8C2B-9C6162C62220}.Debug|Any CPU.ActiveCfg = Debug|x86
		{AE8D6264-08EB-477C-8C2B-9C6162C62220}.Debug|Any CPU.Build.0 = Debug|x86
		{AE8D6264-08EB-477C-8C2B-9C6162C62220}.Debug|Any CPU.Deploy.0 = Debug|x86
		{AE8D6264-08EB-477C-8C2B-9C6162C62220}.Debug|ARM.ActiveCfg = Debug|ARM
		{AE8D6264-08EB-477C-8C2B-9C6162C62220}.Debug|ARM.Build.0 = Debug|ARM
		{AE8D6264-08EB-477C-8C2B-9C6162C62220}.Debug|ARM.Deploy.0 = Debug|ARM
		{AE8D6264-08EB-477C-8C2B-9C6162C62220}.Debug|iPhone.ActiveCfg = Debug|x86
		{AE8D6264-08EB-477C-8C2B-9C6162C62220}.Debug|iPhone.Build.0 = Debug|x86
		{AE8D6264-08EB-477C-8C2B-9C6162C62220}.Debug|iPhone.Deploy.0 = Debug|x86
		{AE8D6264-08EB-477C-8C2B-9C6162C62220}.Debug|iPhoneSimulator.ActiveCfg = Debug|x86
		{AE8D6264-08EB-477C-8C2B-9C6162C62220}.Debug|iPhoneSimulator.Build.0 = Debug|x86
		{AE8D6264-08EB-477C-8C2B-9C6162C62220}.Debug|iPhoneSimulator.Deploy.0 = Debug|x86
		{AE8D6264-08EB-477C-8C2B-9C6162C62220}.Debug|x64.ActiveCfg = Debug|x64
		{AE8D6264-08EB-477C-8C2B-9C6162C62220}.Debug|x64.Build.0 = Debug|x64
		{AE8D6264-08EB-477C-8C2B-9C6162C62220}.Debug|x64.Deploy.0 = Debug|x64
		{AE8D6264-08EB-477C-8C2B-9C6162C62220}.Debug|x86.ActiveCfg = Debug|x86
		{AE8D6264-08EB-477C-8C2B-9C6162C62220}.Debug|x86.Build.0 = Debug|x86
		{AE8D6264-08EB-477C-8C2B-9C6162C62220}.Debug|x86.Deploy.0 = Debug|x86
		{AE8D6264-08EB-477C-8C2B-9C6162C62220}.Release|Any CPU.ActiveCfg = Release|x86
		{AE8D6264-08EB-477C-8C2B-9C6162C62220}.Release|Any CPU.Build.0 = Release|x86
		{AE8D6264-08EB-477C-8C2B-9C6162C62220}.Release|Any CPU.Deploy.0 = Release|x86
		{AE8D6264-08EB-477C-8C2B-9C6162C62220}.Release|ARM.ActiveCfg = Release|ARM
		{AE8D6264-08EB-477C-8C2B-9C6162C62220}.Release|ARM.Build.0 = Release|ARM
		{AE8D6264-08EB-477C-8C2B-9C6162C62220}.Release|ARM.Deploy.0 = Release|ARM
		{AE8D6264-08EB-477C-8C2B-9C6162C62220}.Release|iPhone.ActiveCfg = Release|x86
		{AE8D6264-08EB-477C-8C2B-9C6162C62220}.Release|iPhone.Build.0 = Release|x86
		{AE8D6264-08EB-477C-8C2B-9C6162C62220}.Release|iPhone.Deploy.0 = Release|x86
		{AE8D6264-08EB-477C-8C2B-9C6162C62220}.Release|iPhoneSimulator.ActiveCfg = Release|x86
		{AE8D6264-08EB-477C-8C2B-9C6162C62220}.Release|iPhoneSimulator.Build.0 = Release|x86
		{AE8D6264-08EB-477C-8C2B-9C6162C62220}.Release|iPhoneSimulator.Deploy.0 = Release|x86
		{AE8D6264-08EB-477C-8C2B-9C6162C62220}.Release|x64.ActiveCfg = Release|x64
		{AE8D6264-08EB-477C-8C2B-9C6162C62220}.Release|x64.Build.0 = Release|x64
		{AE8D6264-08EB-477C-8C2B-9C6162C62220}.Release|x64.Deploy.0 = Release|x64
		{AE8D6264-08EB-477C-8C2B-9C6162C62220}.Release|x86.ActiveCfg = Release|x86
		{AE8D6264-08EB-477C-8C2B-9C6162C62220}.Release|x86.Build.0 = Release|x86
		{AE8D6264-08EB-477C-8C2B-9C6162C62220}.Release|x86.Deploy.0 = Release|x86
		{3A223568-61CD-4890-BF19-244C56BB9AED}.Ad-Hoc|Any CPU.ActiveCfg = Debug|Any CPU
		{3A223568-61CD-4890-BF19-244C56BB9AED}.Ad-Hoc|Any CPU.Build.0 = Debug|Any CPU
		{3A223568-61CD-4890-BF19-244C56BB9AED}.Ad-Hoc|Any CPU.Deploy.0 = Debug|Any CPU
		{3A223568-61CD-4890-BF19-244C56BB9AED}.Ad-Hoc|ARM.ActiveCfg = Debug|Any CPU
		{3A223568-61CD-4890-BF19-244C56BB9AED}.Ad-Hoc|ARM.Build.0 = Debug|Any CPU
		{3A223568-61CD-4890-BF19-244C56BB9AED}.Ad-Hoc|ARM.Deploy.0 = Debug|Any CPU
		{3A223568-61CD-4890-BF19-244C56BB9AED}.Ad-Hoc|iPhone.ActiveCfg = Debug|Any CPU
		{3A223568-61CD-4890-BF19-244C56BB9AED}.Ad-Hoc|iPhone.Build.0 = Debug|Any CPU
		{3A223568-61CD-4890-BF19-244C56BB9AED}.Ad-Hoc|iPhone.Deploy.0 = Debug|Any CPU
		{3A223568-61CD-4890-BF19-244C56BB9AED}.Ad-Hoc|iPhoneSimulator.ActiveCfg = Debug|Any CPU
		{3A223568-61CD-4890-BF19-244C56BB9AED}.Ad-Hoc|iPhoneSimulator.Build.0 = Debug|Any CPU
		{3A223568-61CD-4890-BF19-244C56BB9AED}.Ad-Hoc|iPhoneSimulator.Deploy.0 = Debug|Any CPU
		{3A223568-61CD-4890-BF19-244C56BB9AED}.Ad-Hoc|x64.ActiveCfg = Debug|Any CPU
		{3A223568-61CD-4890-BF19-244C56BB9AED}.Ad-Hoc|x64.Build.0 = Debug|Any CPU
		{3A223568-61CD-4890-BF19-244C56BB9AED}.Ad-Hoc|x64.Deploy.0 = Debug|Any CPU
		{3A223568-61CD-4890-BF19-244C56BB9AED}.Ad-Hoc|x86.ActiveCfg = Debug|Any CPU
		{3A223568-61CD-4890-BF19-244C56BB9AED}.Ad-Hoc|x86.Build.0 = Debug|Any CPU
		{3A223568-61CD-4890-BF19-244C56BB9AED}.Ad-Hoc|x86.Deploy.0 = Debug|Any CPU
		{3A223568-61CD-4890-BF19-244C56BB9AED}.AppStore|Any CPU.ActiveCfg = Debug|Any CPU
		{3A223568-61CD-4890-BF19-244C56BB9AED}.AppStore|Any CPU.Build.0 = Debug|Any CPU
		{3A223568-61CD-4890-BF19-244C56BB9AED}.AppStore|Any CPU.Deploy.0 = Debug|Any CPU
		{3A223568-61CD-4890-BF19-244C56BB9AED}.AppStore|ARM.ActiveCfg = Debug|Any CPU
		{3A223568-61CD-4890-BF19-244C56BB9AED}.AppStore|ARM.Build.0 = Debug|Any CPU
		{3A223568-61CD-4890-BF19-244C56BB9AED}.AppStore|ARM.Deploy.0 = Debug|Any CPU
		{3A223568-61CD-4890-BF19-244C56BB9AED}.AppStore|iPhone.ActiveCfg = Debug|Any CPU
		{3A223568-61CD-4890-BF19-244C56BB9AED}.AppStore|iPhone.Build.0 = Debug|Any CPU
		{3A223568-61CD-4890-BF19-244C56BB9AED}.AppStore|iPhone.Deploy.0 = Debug|Any CPU
		{3A223568-61CD-4890-BF19-244C56BB9AED}.AppStore|iPhoneSimulator.ActiveCfg = Debug|Any CPU
		{3A223568-61CD-4890-BF19-244C56BB9AED}.AppStore|iPhoneSimulator.Build.0 = Debug|Any CPU
		{3A223568-61CD-4890-BF19-244C56BB9AED}.AppStore|iPhoneSimulator.Deploy.0 = Debug|Any CPU
		{3A223568-61CD-4890-BF19-244C56BB9AED}.AppStore|x64.ActiveCfg = Debug|Any CPU
		{3A223568-61CD-4890-BF19-244C56BB9AED}.AppStore|x64.Build.0 = Debug|Any CPU
		{3A223568-61CD-4890-BF19-244C56BB9AED}.AppStore|x64.Deploy.0 = Debug|Any CPU
		{3A223568-61CD-4890-BF19-244C56BB9AED}.AppStore|x86.ActiveCfg = Debug|Any CPU
		{3A223568-61CD-4890-BF19-244C56BB9AED}.AppStore|x86.Build.0 = Debug|Any CPU
		{3A223568-61CD-4890-BF19-244C56BB9AED}.AppStore|x86.Deploy.0 = Debug|Any CPU
		{3A223568-61CD-4890-BF19-244C56BB9AED}.Debug|Any CPU.ActiveCfg = Debug|Any CPU
		{3A223568-61CD-4890-BF19-244C56BB9AED}.Debug|Any CPU.Build.0 = Debug|Any CPU
		{3A223568-61CD-4890-BF19-244C56BB9AED}.Debug|Any CPU.Deploy.0 = Debug|Any CPU
		{3A223568-61CD-4890-BF19-244C56BB9AED}.Debug|ARM.ActiveCfg = Debug|Any CPU
		{3A223568-61CD-4890-BF19-244C56BB9AED}.Debug|ARM.Build.0 = Debug|Any CPU
		{3A223568-61CD-4890-BF19-244C56BB9AED}.Debug|ARM.Deploy.0 = Debug|Any CPU
		{3A223568-61CD-4890-BF19-244C56BB9AED}.Debug|iPhone.ActiveCfg = Debug|Any CPU
		{3A223568-61CD-4890-BF19-244C56BB9AED}.Debug|iPhone.Build.0 = Debug|Any CPU
		{3A223568-61CD-4890-BF19-244C56BB9AED}.Debug|iPhone.Deploy.0 = Debug|Any CPU
		{3A223568-61CD-4890-BF19-244C56BB9AED}.Debug|iPhoneSimulator.ActiveCfg = Debug|Any CPU
		{3A223568-61CD-4890-BF19-244C56BB9AED}.Debug|iPhoneSimulator.Build.0 = Debug|Any CPU
		{3A223568-61CD-4890-BF19-244C56BB9AED}.Debug|iPhoneSimulator.Deploy.0 = Debug|Any CPU
		{3A223568-61CD-4890-BF19-244C56BB9AED}.Debug|x64.ActiveCfg = Debug|Any CPU
		{3A223568-61CD-4890-BF19-244C56BB9AED}.Debug|x64.Build.0 = Debug|Any CPU
		{3A223568-61CD-4890-BF19-244C56BB9AED}.Debug|x64.Deploy.0 = Debug|Any CPU
		{3A223568-61CD-4890-BF19-244C56BB9AED}.Debug|x86.ActiveCfg = Debug|Any CPU
		{3A223568-61CD-4890-BF19-244C56BB9AED}.Debug|x86.Build.0 = Debug|Any CPU
		{3A223568-61CD-4890-BF19-244C56BB9AED}.Debug|x86.Deploy.0 = Debug|Any CPU
		{3A223568-61CD-4890-BF19-244C56BB9AED}.Release|Any CPU.ActiveCfg = Release|Any CPU
		{3A223568-61CD-4890-BF19-244C56BB9AED}.Release|Any CPU.Build.0 = Release|Any CPU
		{3A223568-61CD-4890-BF19-244C56BB9AED}.Release|Any CPU.Deploy.0 = Release|Any CPU
		{3A223568-61CD-4890-BF19-244C56BB9AED}.Release|ARM.ActiveCfg = Release|Any CPU
		{3A223568-61CD-4890-BF19-244C56BB9AED}.Release|ARM.Build.0 = Release|Any CPU
		{3A223568-61CD-4890-BF19-244C56BB9AED}.Release|ARM.Deploy.0 = Release|Any CPU
		{3A223568-61CD-4890-BF19-244C56BB9AED}.Release|iPhone.ActiveCfg = Release|Any CPU
		{3A223568-61CD-4890-BF19-244C56BB9AED}.Release|iPhone.Build.0 = Release|Any CPU
		{3A223568-61CD-4890-BF19-244C56BB9AED}.Release|iPhone.Deploy.0 = Release|Any CPU
		{3A223568-61CD-4890-BF19-244C56BB9AED}.Release|iPhoneSimulator.ActiveCfg = Release|Any CPU
		{3A223568-61CD-4890-BF19-244C56BB9AED}.Release|iPhoneSimulator.Build.0 = Release|Any CPU
		{3A223568-61CD-4890-BF19-244C56BB9AED}.Release|iPhoneSimulator.Deploy.0 = Release|Any CPU
		{3A223568-61CD-4890-BF19-244C56BB9AED}.Release|x64.ActiveCfg = Release|Any CPU
		{3A223568-61CD-4890-BF19-244C56BB9AED}.Release|x64.Build.0 = Release|Any CPU
		{3A223568-61CD-4890-BF19-244C56BB9AED}.Release|x64.Deploy.0 = Release|Any CPU
		{3A223568-61CD-4890-BF19-244C56BB9AED}.Release|x86.ActiveCfg = Release|Any CPU
		{3A223568-61CD-4890-BF19-244C56BB9AED}.Release|x86.Build.0 = Release|Any CPU
		{3A223568-61CD-4890-BF19-244C56BB9AED}.Release|x86.Deploy.0 = Release|Any CPU
	EndGlobalSection
	GlobalSection(SolutionProperties) = preSolution
		HideSolutionNode = FALSE
	EndGlobalSection
	GlobalSection(ExtensibilityGlobals) = postSolution
		SolutionGuid = {459748A7-AA11-4265-B770-CAAC121F291D}
	EndGlobalSection
EndGlobal
